
Microsoft Visual Studio Solution File, Format Version 12.00
# Visual Studio Version 17
VisualStudioVersion = 17.1.32421.90
MinimumVisualStudioVersion = 10.0.40219.1
Project("{FAE04EC0-301F-11D3-BF4B-00C04F79EFBC}") = "Senha", "Senha.csproj", "{CA059E62-37FF-4BDA-90E3-2253519D394E}"
EndProject
Global
	GlobalSection(SolutionConfigurationPlatforms) = preSolution
		Debug|Any CPU = Debug|Any CPU
		Release|Any CPU = Release|Any CPU
	EndGlobalSection
	GlobalSection(ProjectConfigurationPlatforms) = postSolution
		{CA059E62-37FF-4BDA-90E3-2253519D394E}.Debug|Any CPU.ActiveCfg = Debug|Any CPU
		{CA059E62-37FF-4BDA-90E3-2253519D394E}.Debug|Any CPU.Build.0 = Debug|Any CPU
		{CA059E62-37FF-4BDA-90E3-2253519D394E}.Release|Any CPU.ActiveCfg = Release|Any CPU
		{CA059E62-37FF-4BDA-90E3-2253519D394E}.Release|Any CPU.Build.0 = Release|Any CPU
	EndGlobalSection
	GlobalSection(SolutionProperties) = preSolution
		HideSolutionNode = FALSE
	EndGlobalSection
	GlobalSection(ExtensibilityGlobals) = postSolution
		SolutionGuid = {8D6EA342-263D-4CA0-970C-80A897C2B9B7}
	EndGlobalSection
EndGlobal
