
Microsoft Visual Studio Solution File, Format Version 12.00
# Visual Studio Version 17
VisualStudioVersion = 17.1.32421.90
MinimumVisualStudioVersion = 10.0.40219.1
Project("{FAE04EC0-301F-11D3-BF4B-00C04F79EFBC}") = "foreach", "foreach.csproj", "{4707AFCB-A447-4988-B104-9678F6522AFB}"
EndProject
Global
	GlobalSection(SolutionConfigurationPlatforms) = preSolution
		Debug|Any CPU = Debug|Any CPU
		Release|Any CPU = Release|Any CPU
	EndGlobalSection
	GlobalSection(ProjectConfigurationPlatforms) = postSolution
		{4707AFCB-A447-4988-B104-9678F6522AFB}.Debug|Any CPU.ActiveCfg = Debug|Any CPU
		{4707AFCB-A447-4988-B104-9678F6522AFB}.Debug|Any CPU.Build.0 = Debug|Any CPU
		{4707AFCB-A447-4988-B104-9678F6522AFB}.Release|Any CPU.ActiveCfg = Release|Any CPU
		{4707AFCB-A447-4988-B104-9678F6522AFB}.Release|Any CPU.Build.0 = Release|Any CPU
	EndGlobalSection
	GlobalSection(SolutionProperties) = preSolution
		HideSolutionNode = FALSE
	EndGlobalSection
	GlobalSection(ExtensibilityGlobals) = postSolution
		SolutionGuid = {CEF6CDCB-BAA8-48CF-A411-7660E6E8673F}
	EndGlobalSection
EndGlobal
