
Microsoft Visual Studio Solution File, Format Version 12.00
# Visual Studio Version 17
VisualStudioVersion = 17.1.32421.90
MinimumVisualStudioVersion = 10.0.40219.1
Project("{FAE04EC0-301F-11D3-BF4B-00C04F79EFBC}") = "Problema-produto", "Problema-produto.csproj", "{EC28C606-9BFE-4591-BFEC-0FD0477F9654}"
EndProject
Global
	GlobalSection(SolutionConfigurationPlatforms) = preSolution
		Debug|Any CPU = Debug|Any CPU
		Release|Any CPU = Release|Any CPU
	EndGlobalSection
	GlobalSection(ProjectConfigurationPlatforms) = postSolution
		{EC28C606-9BFE-4591-BFEC-0FD0477F9654}.Debug|Any CPU.ActiveCfg = Debug|Any CPU
		{EC28C606-9BFE-4591-BFEC-0FD0477F9654}.Debug|Any CPU.Build.0 = Debug|Any CPU
		{EC28C606-9BFE-4591-BFEC-0FD0477F9654}.Release|Any CPU.ActiveCfg = Release|Any CPU
		{EC28C606-9BFE-4591-BFEC-0FD0477F9654}.Release|Any CPU.Build.0 = Release|Any CPU
	EndGlobalSection
	GlobalSection(SolutionProperties) = preSolution
		HideSolutionNode = FALSE
	EndGlobalSection
	GlobalSection(ExtensibilityGlobals) = postSolution
		SolutionGuid = {1D5D397B-655D-43C6-9032-5F1C00A8F233}
	EndGlobalSection
EndGlobal
