
Microsoft Visual Studio Solution File, Format Version 12.00
# Visual Studio Version 17
VisualStudioVersion = 17.1.32421.90
MinimumVisualStudioVersion = 10.0.40219.1
Project("{FAE04EC0-301F-11D3-BF4B-00C04F79EFBC}") = "matriz", "matriz.csproj", "{EA690AF8-3EDD-4077-956D-7A9AD7814908}"
EndProject
Global
	GlobalSection(SolutionConfigurationPlatforms) = preSolution
		Debug|Any CPU = Debug|Any CPU
		Release|Any CPU = Release|Any CPU
	EndGlobalSection
	GlobalSection(ProjectConfigurationPlatforms) = postSolution
		{EA690AF8-3EDD-4077-956D-7A9AD7814908}.Debug|Any CPU.ActiveCfg = Debug|Any CPU
		{EA690AF8-3EDD-4077-956D-7A9AD7814908}.Debug|Any CPU.Build.0 = Debug|Any CPU
		{EA690AF8-3EDD-4077-956D-7A9AD7814908}.Release|Any CPU.ActiveCfg = Release|Any CPU
		{EA690AF8-3EDD-4077-956D-7A9AD7814908}.Release|Any CPU.Build.0 = Release|Any CPU
	EndGlobalSection
	GlobalSection(SolutionProperties) = preSolution
		HideSolutionNode = FALSE
	EndGlobalSection
	GlobalSection(ExtensibilityGlobals) = postSolution
		SolutionGuid = {489F455F-407A-42E5-B086-9AEC28A86BDC}
	EndGlobalSection
EndGlobal
