
Microsoft Visual Studio Solution File, Format Version 12.00
# Visual Studio Version 17
VisualStudioVersion = 17.1.32421.90
MinimumVisualStudioVersion = 10.0.40219.1
Project("{FAE04EC0-301F-11D3-BF4B-00C04F79EFBC}") = "for", "for.csproj", "{B9F4E8AF-C408-48D8-8F03-B79808461B79}"
EndProject
Global
	GlobalSection(SolutionConfigurationPlatforms) = preSolution
		Debug|Any CPU = Debug|Any CPU
		Release|Any CPU = Release|Any CPU
	EndGlobalSection
	GlobalSection(ProjectConfigurationPlatforms) = postSolution
		{B9F4E8AF-C408-48D8-8F03-B79808461B79}.Debug|Any CPU.ActiveCfg = Debug|Any CPU
		{B9F4E8AF-C408-48D8-8F03-B79808461B79}.Debug|Any CPU.Build.0 = Debug|Any CPU
		{B9F4E8AF-C408-48D8-8F03-B79808461B79}.Release|Any CPU.ActiveCfg = Release|Any CPU
		{B9F4E8AF-C408-48D8-8F03-B79808461B79}.Release|Any CPU.Build.0 = Release|Any CPU
	EndGlobalSection
	GlobalSection(SolutionProperties) = preSolution
		HideSolutionNode = FALSE
	EndGlobalSection
	GlobalSection(ExtensibilityGlobals) = postSolution
		SolutionGuid = {13D8C132-53D5-454B-84DF-B2C60A480B11}
	EndGlobalSection
EndGlobal
