
Microsoft Visual Studio Solution File, Format Version 12.00
# Visual Studio Version 17
VisualStudioVersion = 17.1.32421.90
MinimumVisualStudioVersion = 10.0.40219.1
Project("{FAE04EC0-301F-11D3-BF4B-00C04F79EFBC}") = "Exercicio2", "Exercicio2.csproj", "{84009723-5FCD-440D-83A7-69DEADE1E309}"
EndProject
Global
	GlobalSection(SolutionConfigurationPlatforms) = preSolution
		Debug|Any CPU = Debug|Any CPU
		Release|Any CPU = Release|Any CPU
	EndGlobalSection
	GlobalSection(ProjectConfigurationPlatforms) = postSolution
		{84009723-5FCD-440D-83A7-69DEADE1E309}.Debug|Any CPU.ActiveCfg = Debug|Any CPU
		{84009723-5FCD-440D-83A7-69DEADE1E309}.Debug|Any CPU.Build.0 = Debug|Any CPU
		{84009723-5FCD-440D-83A7-69DEADE1E309}.Release|Any CPU.ActiveCfg = Release|Any CPU
		{84009723-5FCD-440D-83A7-69DEADE1E309}.Release|Any CPU.Build.0 = Release|Any CPU
	EndGlobalSection
	GlobalSection(SolutionProperties) = preSolution
		HideSolutionNode = FALSE
	EndGlobalSection
	GlobalSection(ExtensibilityGlobals) = postSolution
		SolutionGuid = {D5D965F3-1A13-4FCA-B929-D2B582796734}
	EndGlobalSection
EndGlobal
