
Microsoft Visual Studio Solution File, Format Version 12.00
# Visual Studio Version 17
VisualStudioVersion = 17.1.32421.90
MinimumVisualStudioVersion = 10.0.40219.1
Project("{FAE04EC0-301F-11D3-BF4B-00C04F79EFBC}") = "Exercicio4", "Exercicio4.csproj", "{686AD9AD-545F-44A3-BAAC-553BC0C9BFC8}"
EndProject
Global
	GlobalSection(SolutionConfigurationPlatforms) = preSolution
		Debug|Any CPU = Debug|Any CPU
		Release|Any CPU = Release|Any CPU
	EndGlobalSection
	GlobalSection(ProjectConfigurationPlatforms) = postSolution
		{686AD9AD-545F-44A3-BAAC-553BC0C9BFC8}.Debug|Any CPU.ActiveCfg = Debug|Any CPU
		{686AD9AD-545F-44A3-BAAC-553BC0C9BFC8}.Debug|Any CPU.Build.0 = Debug|Any CPU
		{686AD9AD-545F-44A3-BAAC-553BC0C9BFC8}.Release|Any CPU.ActiveCfg = Release|Any CPU
		{686AD9AD-545F-44A3-BAAC-553BC0C9BFC8}.Release|Any CPU.Build.0 = Release|Any CPU
	EndGlobalSection
	GlobalSection(SolutionProperties) = preSolution
		HideSolutionNode = FALSE
	EndGlobalSection
	GlobalSection(ExtensibilityGlobals) = postSolution
		SolutionGuid = {F3DA342A-E1EA-4643-86F4-3A2FFC84892D}
	EndGlobalSection
EndGlobal
