
Microsoft Visual Studio Solution File, Format Version 12.00
# Visual Studio Version 17
VisualStudioVersion = 17.1.32421.90
MinimumVisualStudioVersion = 10.0.40219.1
Project("{FAE04EC0-301F-11D3-BF4B-00C04F79EFBC}") = "if-aninhado", "if-aninhado.csproj", "{17AA8114-DA7A-481A-A87F-709F6490FCC1}"
EndProject
Global
	GlobalSection(SolutionConfigurationPlatforms) = preSolution
		Debug|Any CPU = Debug|Any CPU
		Release|Any CPU = Release|Any CPU
	EndGlobalSection
	GlobalSection(ProjectConfigurationPlatforms) = postSolution
		{17AA8114-DA7A-481A-A87F-709F6490FCC1}.Debug|Any CPU.ActiveCfg = Debug|Any CPU
		{17AA8114-DA7A-481A-A87F-709F6490FCC1}.Debug|Any CPU.Build.0 = Debug|Any CPU
		{17AA8114-DA7A-481A-A87F-709F6490FCC1}.Release|Any CPU.ActiveCfg = Release|Any CPU
		{17AA8114-DA7A-481A-A87F-709F6490FCC1}.Release|Any CPU.Build.0 = Release|Any CPU
	EndGlobalSection
	GlobalSection(SolutionProperties) = preSolution
		HideSolutionNode = FALSE
	EndGlobalSection
	GlobalSection(ExtensibilityGlobals) = postSolution
		SolutionGuid = {F9DB89A1-C892-4024-A251-714A58E5F7E9}
	EndGlobalSection
EndGlobal
